version = 1
revision = 3
requires-python = ">=3.9"
resolution-markers = [
    "python_full_version >= '3.10'",
    "python_full_version < '3.10'",
]

[[package]]
name = "cnn-from-scratch"
version = "0.1.0"
source = { virtual = "." }
dependencies = [
    { name = "tinygrad", version = "0.9.2", source = { registry = "https://pypi.org/simple" }, marker = "python_full_version < '3.10'" },
    { name = "tinygrad", version = "0.11.0", source = { registry = "https://pypi.org/simple" }, marker = "python_full_version >= '3.10'" },
]

[package.metadata]
requires-dist = [{ name = "tinygrad", specifier = ">=0.9.2" }]

[[package]]
name = "numpy"
version = "2.0.2"
source = { registry = "https://pypi.org/simple" }
sdist = { url = "https://files.pythonhosted.org/packages/a9/75/10dd1f8116a8b796cb2c737b674e02d02e80454bda953fa7e65d8c12b016/numpy-2.0.2.tar.gz", hash = "sha256:883c987dee1880e2a864ab0dc9892292582510604156762362d9326444636e78", size = 18902015, upload-time = "2024-08-26T20:19:40.945Z" }
wheels = [
    { url = "https://files.pythonhosted.org/packages/21/91/3495b3237510f79f5d81f2508f9f13fea78ebfdf07538fc7444badda173d/numpy-2.0.2-cp310-cp310-macosx_10_9_x86_64.whl", hash = "sha256:51129a29dbe56f9ca83438b706e2e69a39892b5eda6cedcb6b0c9fdc9b0d3ece", size = 21165245, upload-time = "2024-08-26T20:04:14.625Z" },
    { url = "https://files.pythonhosted.org/packages/05/33/26178c7d437a87082d11019292dce6d3fe6f0e9026b7b2309cbf3e489b1d/numpy-2.0.2-cp310-cp310-macosx_11_0_arm64.whl", hash = "sha256:f15975dfec0cf2239224d80e32c3170b1d168335eaedee69da84fbe9f1f9cd04", size = 13738540, upload-time = "2024-08-26T20:04:36.784Z" },
    { url = "https://files.pythonhosted.org/packages/ec/31/cc46e13bf07644efc7a4bf68df2df5fb2a1a88d0cd0da9ddc84dc0033e51/numpy-2.0.2-cp310-cp310-macosx_14_0_arm64.whl", hash = "sha256:8c5713284ce4e282544c68d1c3b2c7161d38c256d2eefc93c1d683cf47683e66", size = 5300623, upload-time = "2024-08-26T20:04:46.491Z" },
    { url = "https://files.pythonhosted.org/packages/6e/16/7bfcebf27bb4f9d7ec67332ffebee4d1bf085c84246552d52dbb548600e7/numpy-2.0.2-cp310-cp310-macosx_14_0_x86_64.whl", hash = "sha256:becfae3ddd30736fe1889a37f1f580e245ba79a5855bff5f2a29cb3ccc22dd7b", size = 6901774, upload-time = "2024-08-26T20:04:58.173Z" },
    { url = "https://files.pythonhosted.org/packages/f9/a3/561c531c0e8bf082c5bef509d00d56f82e0ea7e1e3e3a7fc8fa78742a6e5/numpy-2.0.2-cp310-cp310-manylinux_2_17_aarch64.manylinux2014_aarch64.whl", hash = "sha256:2da5960c3cf0df7eafefd806d4e612c5e19358de82cb3c343631188991566ccd", size = 13907081, upload-time = "2024-08-26T20:05:19.098Z" },
    { url = "https://files.pythonhosted.org/packages/fa/66/f7177ab331876200ac7563a580140643d1179c8b4b6a6b0fc9838de2a9b8/numpy-2.0.2-cp310-cp310-manylinux_2_17_x86_64.manylinux2014_x86_64.whl", hash = "sha256:496f71341824ed9f3d2fd36cf3ac57ae2e0165c143b55c3a035ee219413f3318", size = 19523451, upload-time = "2024-08-26T20:05:47.479Z" },
    { url = "https://files.pythonhosted.org/packages/25/7f/0b209498009ad6453e4efc2c65bcdf0ae08a182b2b7877d7ab38a92dc542/numpy-2.0.2-cp310-cp310-musllinux_1_1_x86_64.whl", hash = "sha256:a61ec659f68ae254e4d237816e33171497e978140353c0c2038d46e63282d0c8", size = 19927572, upload-time = "2024-08-26T20:06:17.137Z" },
    { url = "https://files.pythonhosted.org/packages/3e/df/2619393b1e1b565cd2d4c4403bdd979621e2c4dea1f8532754b2598ed63b/numpy-2.0.2-cp310-cp310-musllinux_1_2_aarch64.whl", hash = "sha256:d731a1c6116ba289c1e9ee714b08a8ff882944d4ad631fd411106a30f083c326", size = 14400722, upload-time = "2024-08-26T20:06:39.16Z" },
    { url = "https://files.pythonhosted.org/packages/22/ad/77e921b9f256d5da36424ffb711ae79ca3f451ff8489eeca544d0701d74a/numpy-2.0.2-cp310-cp310-win32.whl", hash = "sha256:984d96121c9f9616cd33fbd0618b7f08e0cfc9600a7ee1d6fd9b239186d19d97", size = 6472170, upload-time = "2024-08-26T20:06:50.361Z" },
    { url = "https://files.pythonhosted.org/packages/10/05/3442317535028bc29cf0c0dd4c191a4481e8376e9f0db6bcf29703cadae6/numpy-2.0.2-cp310-cp310-win_amd64.whl", hash = "sha256:c7b0be4ef08607dd04da4092faee0b86607f111d5ae68036f16cc787e250a131", size = 15905558, upload-time = "2024-08-26T20:07:13.881Z" },
    { url = "https://files.pythonhosted.org/packages/8b/cf/034500fb83041aa0286e0fb16e7c76e5c8b67c0711bb6e9e9737a717d5fe/numpy-2.0.2-cp311-cp311-macosx_10_9_x86_64.whl", hash = "sha256:49ca4decb342d66018b01932139c0961a8f9ddc7589611158cb3c27cbcf76448", size = 21169137, upload-time = "2024-08-26T20:07:45.345Z" },
    { url = "https://files.pythonhosted.org/packages/4a/d9/32de45561811a4b87fbdee23b5797394e3d1504b4a7cf40c10199848893e/numpy-2.0.2-cp311-cp311-macosx_11_0_arm64.whl", hash = "sha256:11a76c372d1d37437857280aa142086476136a8c0f373b2e648ab2c8f18fb195", size = 13703552, upload-time = "2024-08-26T20:08:06.666Z" },
    { url = "https://files.pythonhosted.org/packages/c1/ca/2f384720020c7b244d22508cb7ab23d95f179fcfff33c31a6eeba8d6c512/numpy-2.0.2-cp311-cp311-macosx_14_0_arm64.whl", hash = "sha256:807ec44583fd708a21d4a11d94aedf2f4f3c3719035c76a2bbe1fe8e217bdc57", size = 5298957, upload-time = "2024-08-26T20:08:15.83Z" },
    { url = "https://files.pythonhosted.org/packages/0e/78/a3e4f9fb6aa4e6fdca0c5428e8ba039408514388cf62d89651aade838269/numpy-2.0.2-cp311-cp311-macosx_14_0_x86_64.whl", hash = "sha256:8cafab480740e22f8d833acefed5cc87ce276f4ece12fdaa2e8903db2f82897a", size = 6905573, upload-time = "2024-08-26T20:08:27.185Z" },
    { url = "https://files.pythonhosted.org/packages/a0/72/cfc3a1beb2caf4efc9d0b38a15fe34025230da27e1c08cc2eb9bfb1c7231/numpy-2.0.2-cp311-cp311-manylinux_2_17_aarch64.manylinux2014_aarch64.whl", hash = "sha256:a15f476a45e6e5a3a79d8a14e62161d27ad897381fecfa4a09ed5322f2085669", size = 13914330, upload-time = "2024-08-26T20:08:48.058Z" },
    { url = "https://files.pythonhosted.org/packages/ba/a8/c17acf65a931ce551fee11b72e8de63bf7e8a6f0e21add4c937c83563538/numpy-2.0.2-cp311-cp311-manylinux_2_17_x86_64.manylinux2014_x86_64.whl", hash = "sha256:13e689d772146140a252c3a28501da66dfecd77490b498b168b501835041f951", size = 19534895, upload-time = "2024-08-26T20:09:16.536Z" },
    { url = "https://files.pythonhosted.org/packages/ba/86/8767f3d54f6ae0165749f84648da9dcc8cd78ab65d415494962c86fac80f/numpy-2.0.2-cp311-cp311-musllinux_1_1_x86_64.whl", hash = "sha256:9ea91dfb7c3d1c56a0e55657c0afb38cf1eeae4544c208dc465c3c9f3a7c09f9", size = 19937253, upload-time = "2024-08-26T20:09:46.263Z" },
    { url = "https://files.pythonhosted.org/packages/df/87/f76450e6e1c14e5bb1eae6836478b1028e096fd02e85c1c37674606ab752/numpy-2.0.2-cp311-cp311-musllinux_1_2_aarch64.whl", hash = "sha256:c1c9307701fec8f3f7a1e6711f9089c06e6284b3afbbcd259f7791282d660a15", size = 14414074, upload-time = "2024-08-26T20:10:08.483Z" },
    { url = "https://files.pythonhosted.org/packages/5c/ca/0f0f328e1e59f73754f06e1adfb909de43726d4f24c6a3f8805f34f2b0fa/numpy-2.0.2-cp311-cp311-win32.whl", hash = "sha256:a392a68bd329eafac5817e5aefeb39038c48b671afd242710b451e76090e81f4", size = 6470640, upload-time = "2024-08-26T20:10:19.732Z" },
    { url = "https://files.pythonhosted.org/packages/eb/57/3a3f14d3a759dcf9bf6e9eda905794726b758819df4663f217d658a58695/numpy-2.0.2-cp311-cp311-win_amd64.whl", hash = "sha256:286cd40ce2b7d652a6f22efdfc6d1edf879440e53e76a75955bc0c826c7e64dc", size = 15910230, upload-time = "2024-08-26T20:10:43.413Z" },
    { url = "https://files.pythonhosted.org/packages/45/40/2e117be60ec50d98fa08c2f8c48e09b3edea93cfcabd5a9ff6925d54b1c2/numpy-2.0.2-cp312-cp312-macosx_10_9_x86_64.whl", hash = "sha256:df55d490dea7934f330006d0f81e8551ba6010a5bf035a249ef61a94f21c500b", size = 20895803, upload-time = "2024-08-26T20:11:13.916Z" },
    { url = "https://files.pythonhosted.org/packages/46/92/1b8b8dee833f53cef3e0a3f69b2374467789e0bb7399689582314df02651/numpy-2.0.2-cp312-cp312-macosx_11_0_arm64.whl", hash = "sha256:8df823f570d9adf0978347d1f926b2a867d5608f434a7cff7f7908c6570dcf5e", size = 13471835, upload-time = "2024-08-26T20:11:34.779Z" },
    { url = "https://files.pythonhosted.org/packages/7f/19/e2793bde475f1edaea6945be141aef6c8b4c669b90c90a300a8954d08f0a/numpy-2.0.2-cp312-cp312-macosx_14_0_arm64.whl", hash = "sha256:9a92ae5c14811e390f3767053ff54eaee3bf84576d99a2456391401323f4ec2c", size = 5038499, upload-time = "2024-08-26T20:11:43.902Z" },
    { url = "https://files.pythonhosted.org/packages/e3/ff/ddf6dac2ff0dd50a7327bcdba45cb0264d0e96bb44d33324853f781a8f3c/numpy-2.0.2-cp312-cp312-macosx_14_0_x86_64.whl", hash = "sha256:a842d573724391493a97a62ebbb8e731f8a5dcc5d285dfc99141ca15a3302d0c", size = 6633497, upload-time = "2024-08-26T20:11:55.09Z" },
    { url = "https://files.pythonhosted.org/packages/72/21/67f36eac8e2d2cd652a2e69595a54128297cdcb1ff3931cfc87838874bd4/numpy-2.0.2-cp312-cp312-manylinux_2_17_aarch64.manylinux2014_aarch64.whl", hash = "sha256:c05e238064fc0610c840d1cf6a13bf63d7e391717d247f1bf0318172e759e692", size = 13621158, upload-time = "2024-08-26T20:12:14.95Z" },
    { url = "https://files.pythonhosted.org/packages/39/68/e9f1126d757653496dbc096cb429014347a36b228f5a991dae2c6b6cfd40/numpy-2.0.2-cp312-cp312-manylinux_2_17_x86_64.manylinux2014_x86_64.whl", hash = "sha256:0123ffdaa88fa4ab64835dcbde75dcdf89c453c922f18dced6e27c90d1d0ec5a", size = 19236173, upload-time = "2024-08-26T20:12:44.049Z" },
    { url = "https://files.pythonhosted.org/packages/d1/e9/1f5333281e4ebf483ba1c888b1d61ba7e78d7e910fdd8e6499667041cc35/numpy-2.0.2-cp312-cp312-musllinux_1_1_x86_64.whl", hash = "sha256:96a55f64139912d61de9137f11bf39a55ec8faec288c75a54f93dfd39f7eb40c", size = 19634174, upload-time = "2024-08-26T20:13:13.634Z" },
    { url = "https://files.pythonhosted.org/packages/71/af/a469674070c8d8408384e3012e064299f7a2de540738a8e414dcfd639996/numpy-2.0.2-cp312-cp312-musllinux_1_2_aarch64.whl", hash = "sha256:ec9852fb39354b5a45a80bdab5ac02dd02b15f44b3804e9f00c556bf24b4bded", size = 14099701, upload-time = "2024-08-26T20:13:34.851Z" },
    { url = "https://files.pythonhosted.org/packages/d0/3d/08ea9f239d0e0e939b6ca52ad403c84a2bce1bde301a8eb4888c1c1543f1/numpy-2.0.2-cp312-cp312-win32.whl", hash = "sha256:671bec6496f83202ed2d3c8fdc486a8fc86942f2e69ff0e986140339a63bcbe5", size = 6174313, upload-time = "2024-08-26T20:13:45.653Z" },
    { url = "https://files.pythonhosted.org/packages/b2/b5/4ac39baebf1fdb2e72585c8352c56d063b6126be9fc95bd2bb5ef5770c20/numpy-2.0.2-cp312-cp312-win_amd64.whl", hash = "sha256:cfd41e13fdc257aa5778496b8caa5e856dc4896d4ccf01841daee1d96465467a", size = 15606179, upload-time = "2024-08-26T20:14:08.786Z" },
    { url = "https://files.pythonhosted.org/packages/43/c1/41c8f6df3162b0c6ffd4437d729115704bd43363de0090c7f913cfbc2d89/numpy-2.0.2-cp39-cp39-macosx_10_9_x86_64.whl", hash = "sha256:9059e10581ce4093f735ed23f3b9d283b9d517ff46009ddd485f1747eb22653c", size = 21169942, upload-time = "2024-08-26T20:14:40.108Z" },
    { url = "https://files.pythonhosted.org/packages/39/bc/fd298f308dcd232b56a4031fd6ddf11c43f9917fbc937e53762f7b5a3bb1/numpy-2.0.2-cp39-cp39-macosx_11_0_arm64.whl", hash = "sha256:423e89b23490805d2a5a96fe40ec507407b8ee786d66f7328be214f9679df6dd", size = 13711512, upload-time = "2024-08-26T20:15:00.985Z" },
    { url = "https://files.pythonhosted.org/packages/96/ff/06d1aa3eeb1c614eda245c1ba4fb88c483bee6520d361641331872ac4b82/numpy-2.0.2-cp39-cp39-macosx_14_0_arm64.whl", hash = "sha256:2b2955fa6f11907cf7a70dab0d0755159bca87755e831e47932367fc8f2f2d0b", size = 5306976, upload-time = "2024-08-26T20:15:10.876Z" },
    { url = "https://files.pythonhosted.org/packages/2d/98/121996dcfb10a6087a05e54453e28e58694a7db62c5a5a29cee14c6e047b/numpy-2.0.2-cp39-cp39-macosx_14_0_x86_64.whl", hash = "sha256:97032a27bd9d8988b9a97a8c4d2c9f2c15a81f61e2f21404d7e8ef00cb5be729", size = 6906494, upload-time = "2024-08-26T20:15:22.055Z" },
    { url = "https://files.pythonhosted.org/packages/15/31/9dffc70da6b9bbf7968f6551967fc21156207366272c2a40b4ed6008dc9b/numpy-2.0.2-cp39-cp39-manylinux_2_17_aarch64.manylinux2014_aarch64.whl", hash = "sha256:1e795a8be3ddbac43274f18588329c72939870a16cae810c2b73461c40718ab1", size = 13912596, upload-time = "2024-08-26T20:15:42.452Z" },
    { url = "https://files.pythonhosted.org/packages/b9/14/78635daab4b07c0930c919d451b8bf8c164774e6a3413aed04a6d95758ce/numpy-2.0.2-cp39-cp39-manylinux_2_17_x86_64.manylinux2014_x86_64.whl", hash = "sha256:f26b258c385842546006213344c50655ff1555a9338e2e5e02a0756dc3e803dd", size = 19526099, upload-time = "2024-08-26T20:16:11.048Z" },
    { url = "https://files.pythonhosted.org/packages/26/4c/0eeca4614003077f68bfe7aac8b7496f04221865b3a5e7cb230c9d055afd/numpy-2.0.2-cp39-cp39-musllinux_1_1_x86_64.whl", hash = "sha256:5fec9451a7789926bcf7c2b8d187292c9f93ea30284802a0ab3f5be8ab36865d", size = 19932823, upload-time = "2024-08-26T20:16:40.171Z" },
    { url = "https://files.pythonhosted.org/packages/f1/46/ea25b98b13dccaebddf1a803f8c748680d972e00507cd9bc6dcdb5aa2ac1/numpy-2.0.2-cp39-cp39-musllinux_1_2_aarch64.whl", hash = "sha256:9189427407d88ff25ecf8f12469d4d39d35bee1db5d39fc5c168c6f088a6956d", size = 14404424, upload-time = "2024-08-26T20:17:02.604Z" },
    { url = "https://files.pythonhosted.org/packages/c8/a6/177dd88d95ecf07e722d21008b1b40e681a929eb9e329684d449c36586b2/numpy-2.0.2-cp39-cp39-win32.whl", hash = "sha256:905d16e0c60200656500c95b6b8dca5d109e23cb24abc701d41c02d74c6b3afa", size = 6476809, upload-time = "2024-08-26T20:17:13.553Z" },
    { url = "https://files.pythonhosted.org/packages/ea/2b/7fc9f4e7ae5b507c1a3a21f0f15ed03e794c1242ea8a242ac158beb56034/numpy-2.0.2-cp39-cp39-win_amd64.whl", hash = "sha256:a3f4ab0caa7f053f6797fcd4e1e25caee367db3112ef2b6ef82d749530768c73", size = 15911314, upload-time = "2024-08-26T20:17:36.72Z" },
    { url = "https://files.pythonhosted.org/packages/8f/3b/df5a870ac6a3be3a86856ce195ef42eec7ae50d2a202be1f5a4b3b340e14/numpy-2.0.2-pp39-pypy39_pp73-macosx_10_9_x86_64.whl", hash = "sha256:7f0a0c6f12e07fa94133c8a67404322845220c06a9e80e85999afe727f7438b8", size = 21025288, upload-time = "2024-08-26T20:18:07.732Z" },
    { url = "https://files.pythonhosted.org/packages/2c/97/51af92f18d6f6f2d9ad8b482a99fb74e142d71372da5d834b3a2747a446e/numpy-2.0.2-pp39-pypy39_pp73-macosx_14_0_x86_64.whl", hash = "sha256:312950fdd060354350ed123c0e25a71327d3711584beaef30cdaa93320c392d4", size = 6762793, upload-time = "2024-08-26T20:18:19.125Z" },
    { url = "https://files.pythonhosted.org/packages/12/46/de1fbd0c1b5ccaa7f9a005b66761533e2f6a3e560096682683a223631fe9/numpy-2.0.2-pp39-pypy39_pp73-manylinux_2_17_x86_64.manylinux2014_x86_64.whl", hash = "sha256:26df23238872200f63518dd2aa984cfca675d82469535dc7162dc2ee52d9dd5c", size = 19334885, upload-time = "2024-08-26T20:18:47.237Z" },
    { url = "https://files.pythonhosted.org/packages/cc/dc/d330a6faefd92b446ec0f0dfea4c3207bb1fef3c4771d19cf4543efd2c78/numpy-2.0.2-pp39-pypy39_pp73-win_amd64.whl", hash = "sha256:a46288ec55ebbd58947d31d72be2c63cbf839f0a63b49cb755022310792a3385", size = 15828784, upload-time = "2024-08-26T20:19:11.19Z" },
]

[[package]]
name = "pyobjc-core"
version = "11.1"
source = { registry = "https://pypi.org/simple" }
sdist = { url = "https://files.pythonhosted.org/packages/e8/e9/0b85c81e2b441267bca707b5d89f56c2f02578ef8f3eafddf0e0c0b8848c/pyobjc_core-11.1.tar.gz", hash = "sha256:b63d4d90c5df7e762f34739b39cc55bc63dbcf9fb2fb3f2671e528488c7a87fe", size = 974602, upload-time = "2025-06-14T20:56:34.189Z" }
wheels = [
    { url = "https://files.pythonhosted.org/packages/a5/c5/9fa74ef6b83924e657c5098d37b36b66d1e16d13bc45c44248c6248e7117/pyobjc_core-11.1-cp310-cp310-macosx_10_9_universal2.whl", hash = "sha256:4c7536f3e94de0a3eae6bb382d75f1219280aa867cdf37beef39d9e7d580173c", size = 676323, upload-time = "2025-06-14T20:44:44.675Z" },
    { url = "https://files.pythonhosted.org/packages/5a/a7/55afc166d89e3fcd87966f48f8bca3305a3a2d7c62100715b9ffa7153a90/pyobjc_core-11.1-cp311-cp311-macosx_10_9_universal2.whl", hash = "sha256:ec36680b5c14e2f73d432b03ba7c1457dc6ca70fa59fd7daea1073f2b4157d33", size = 671075, upload-time = "2025-06-14T20:44:46.594Z" },
    { url = "https://files.pythonhosted.org/packages/c0/09/e83228e878e73bf756749939f906a872da54488f18d75658afa7f1abbab1/pyobjc_core-11.1-cp312-cp312-macosx_10_13_universal2.whl", hash = "sha256:765b97dea6b87ec4612b3212258024d8496ea23517c95a1c5f0735f96b7fd529", size = 677985, upload-time = "2025-06-14T20:44:48.375Z" },
    { url = "https://files.pythonhosted.org/packages/c5/24/12e4e2dae5f85fd0c0b696404ed3374ea6ca398e7db886d4f1322eb30799/pyobjc_core-11.1-cp313-cp313-macosx_10_13_universal2.whl", hash = "sha256:18986f83998fbd5d3f56d8a8428b2f3e0754fd15cef3ef786ca0d29619024f2c", size = 676431, upload-time = "2025-06-14T20:44:49.908Z" },
    { url = "https://files.pythonhosted.org/packages/f7/79/031492497624de4c728f1857181b06ce8c56444db4d49418fa459cba217c/pyobjc_core-11.1-cp313-cp313t-macosx_10_13_universal2.whl", hash = "sha256:8849e78cfe6595c4911fbba29683decfb0bf57a350aed8a43316976ba6f659d2", size = 719330, upload-time = "2025-06-14T20:44:51.621Z" },
    { url = "https://files.pythonhosted.org/packages/ed/7d/6169f16a0c7ec15b9381f8bf33872baf912de2ef68d96c798ca4c6ee641f/pyobjc_core-11.1-cp314-cp314-macosx_11_0_universal2.whl", hash = "sha256:8cb9ed17a8d84a312a6e8b665dd22393d48336ea1d8277e7ad20c19a38edf731", size = 667203, upload-time = "2025-06-14T20:44:53.262Z" },
    { url = "https://files.pythonhosted.org/packages/49/0f/f5ab2b0e57430a3bec9a62b6153c0e79c05a30d77b564efdb9f9446eeac5/pyobjc_core-11.1-cp314-cp314t-macosx_11_0_universal2.whl", hash = "sha256:f2455683e807f8541f0d83fbba0f5d9a46128ab0d5cc83ea208f0bec759b7f96", size = 708807, upload-time = "2025-06-14T20:44:54.851Z" },
    { url = "https://files.pythonhosted.org/packages/0b/3c/98f04333e4f958ee0c44ceccaf0342c2502d361608e00f29a5d50e16a569/pyobjc_core-11.1-cp39-cp39-macosx_10_9_universal2.whl", hash = "sha256:4a99e6558b48b8e47c092051e7b3be05df1c8d0617b62f6fa6a316c01902d157", size = 677089, upload-time = "2025-06-14T20:44:56.15Z" },
]

[[package]]
name = "pyobjc-framework-cocoa"
version = "11.1"
source = { registry = "https://pypi.org/simple" }
dependencies = [
    { name = "pyobjc-core", marker = "python_full_version < '3.10'" },
]
sdist = { url = "https://files.pythonhosted.org/packages/4b/c5/7a866d24bc026f79239b74d05e2cf3088b03263da66d53d1b4cf5207f5ae/pyobjc_framework_cocoa-11.1.tar.gz", hash = "sha256:87df76b9b73e7ca699a828ff112564b59251bb9bbe72e610e670a4dc9940d038", size = 5565335, upload-time = "2025-06-14T20:56:59.683Z" }
wheels = [
    { url = "https://files.pythonhosted.org/packages/87/8f/67a7e166b615feb96385d886c6732dfb90afed565b8b1f34673683d73cd9/pyobjc_framework_cocoa-11.1-cp310-cp310-macosx_10_9_universal2.whl", hash = "sha256:b27a5bdb3ab6cdeb998443ff3fce194ffae5f518c6a079b832dbafc4426937f9", size = 388187, upload-time = "2025-06-14T20:46:49.74Z" },
    { url = "https://files.pythonhosted.org/packages/90/43/6841046aa4e257b6276cd23e53cacedfb842ecaf3386bb360fa9cc319aa1/pyobjc_framework_cocoa-11.1-cp311-cp311-macosx_10_9_universal2.whl", hash = "sha256:7b9a9b8ba07f5bf84866399e3de2aa311ed1c34d5d2788a995bdbe82cc36cfa0", size = 388177, upload-time = "2025-06-14T20:46:51.454Z" },
    { url = "https://files.pythonhosted.org/packages/68/da/41c0f7edc92ead461cced7e67813e27fa17da3c5da428afdb4086c69d7ba/pyobjc_framework_cocoa-11.1-cp312-cp312-macosx_10_13_universal2.whl", hash = "sha256:806de56f06dfba8f301a244cce289d54877c36b4b19818e3b53150eb7c2424d0", size = 388983, upload-time = "2025-06-14T20:46:52.591Z" },
    { url = "https://files.pythonhosted.org/packages/4e/0b/a01477cde2a040f97e226f3e15e5ffd1268fcb6d1d664885a95ba592eca9/pyobjc_framework_cocoa-11.1-cp313-cp313-macosx_10_13_universal2.whl", hash = "sha256:54e93e1d9b0fc41c032582a6f0834befe1d418d73893968f3f450281b11603da", size = 389049, upload-time = "2025-06-14T20:46:53.757Z" },
    { url = "https://files.pythonhosted.org/packages/bc/e6/64cf2661f6ab7c124d0486ec6d1d01a9bb2838a0d2a46006457d8c5e6845/pyobjc_framework_cocoa-11.1-cp313-cp313t-macosx_10_13_universal2.whl", hash = "sha256:fd5245ee1997d93e78b72703be1289d75d88ff6490af94462b564892e9266350", size = 393110, upload-time = "2025-06-14T20:46:54.894Z" },
    { url = "https://files.pythonhosted.org/packages/33/87/01e35c5a3c5bbdc93d5925366421e10835fcd7b23347b6c267df1b16d0b3/pyobjc_framework_cocoa-11.1-cp314-cp314-macosx_11_0_universal2.whl", hash = "sha256:aede53a1afc5433e1e7d66568cc52acceeb171b0a6005407a42e8e82580b4fc0", size = 392644, upload-time = "2025-06-14T20:46:56.503Z" },
    { url = "https://files.pythonhosted.org/packages/c1/7c/54afe9ffee547c41e1161691e72067a37ed27466ac71c089bfdcd07ca70d/pyobjc_framework_cocoa-11.1-cp314-cp314t-macosx_11_0_universal2.whl", hash = "sha256:1b5de4e1757bb65689d6dc1f8d8717de9ec8587eb0c4831c134f13aba29f9b71", size = 396742, upload-time = "2025-06-14T20:46:57.64Z" },
    { url = "https://files.pythonhosted.org/packages/b2/9b/5499d1ed6790b037b12831d7038eb21031ab90a033d4cfa43c9b51085925/pyobjc_framework_cocoa-11.1-cp39-cp39-macosx_10_9_universal2.whl", hash = "sha256:bbee71eeb93b1b31ffbac8560b59a0524a8a4b90846a260d2c4f2188f3d4c721", size = 388163, upload-time = "2025-06-14T20:46:58.72Z" },
]

[[package]]
name = "pyobjc-framework-libdispatch"
version = "11.1"
source = { registry = "https://pypi.org/simple" }
dependencies = [
    { name = "pyobjc-core", marker = "python_full_version < '3.10'" },
    { name = "pyobjc-framework-cocoa", marker = "python_full_version < '3.10'" },
]
sdist = { url = "https://files.pythonhosted.org/packages/be/89/7830c293ba71feb086cb1551455757f26a7e2abd12f360d375aae32a4d7d/pyobjc_framework_libdispatch-11.1.tar.gz", hash = "sha256:11a704e50a0b7dbfb01552b7d686473ffa63b5254100fdb271a1fe368dd08e87", size = 53942, upload-time = "2025-06-14T20:57:45.903Z" }
wheels = [
    { url = "https://files.pythonhosted.org/packages/7f/33/7a6b509e85d95ed5aa7c813c6bccfe4e0a1162baa02f51050d1da91408a9/pyobjc_framework_libdispatch-11.1-cp310-cp310-macosx_10_9_universal2.whl", hash = "sha256:9c598c073a541b5956b5457b94bd33b9ce19ef8d867235439a0fad22d6beab49", size = 20444, upload-time = "2025-06-14T20:50:57.316Z" },
    { url = "https://files.pythonhosted.org/packages/b0/cd/1010dee9f932a9686c27ce2e45e91d5b6875f5f18d2daafadea70090e111/pyobjc_framework_libdispatch-11.1-cp311-cp311-macosx_10_9_universal2.whl", hash = "sha256:2ddca472c2cbc6bb192e05b8b501d528ce49333abe7ef0eef28df3133a8e18b7", size = 20441, upload-time = "2025-06-14T20:50:58.3Z" },
    { url = "https://files.pythonhosted.org/packages/ac/92/ff9ceb14e1604193dcdb50643f2578e1010c68556711cd1a00eb25489c2b/pyobjc_framework_libdispatch-11.1-cp312-cp312-macosx_10_13_universal2.whl", hash = "sha256:dc9a7b8c2e8a63789b7cf69563bb7247bde15353208ef1353fff0af61b281684", size = 15627, upload-time = "2025-06-14T20:50:59.055Z" },
    { url = "https://files.pythonhosted.org/packages/0f/10/5851b68cd85b475ff1da08e908693819fd9a4ff07c079da9b0b6dbdaca9c/pyobjc_framework_libdispatch-11.1-cp313-cp313-macosx_10_13_universal2.whl", hash = "sha256:c4e219849f5426745eb429f3aee58342a59f81e3144b37aa20e81dacc6177de1", size = 15648, upload-time = "2025-06-14T20:50:59.809Z" },
    { url = "https://files.pythonhosted.org/packages/1b/79/f905f22b976e222a50d49e85fbd7f32d97e8790dd80a55f3f0c305305c32/pyobjc_framework_libdispatch-11.1-cp313-cp313t-macosx_10_13_universal2.whl", hash = "sha256:a9357736cb47b4a789f59f8fab9b0d10b0a9c84f9876367c398718d3de085888", size = 15912, upload-time = "2025-06-14T20:51:00.572Z" },
    { url = "https://files.pythonhosted.org/packages/ee/b0/225a3645ba2711c3122eec3e857ea003646643b4122bd98db2a8831740ff/pyobjc_framework_libdispatch-11.1-cp314-cp314-macosx_11_0_universal2.whl", hash = "sha256:cd08f32ea7724906ef504a0fd40a32e2a0be4d64b9239530a31767ca9ccfc921", size = 15655, upload-time = "2025-06-14T20:51:01.655Z" },
    { url = "https://files.pythonhosted.org/packages/e2/b5/ff49fb81f13c7ec48cd7ccad66e1986ccc6aa1984e04f4a78074748f7926/pyobjc_framework_libdispatch-11.1-cp314-cp314t-macosx_11_0_universal2.whl", hash = "sha256:5d9985b0e050cae72bf2c6a1cc8180ff4fa3a812cd63b2dc59e09c6f7f6263a1", size = 15920, upload-time = "2025-06-14T20:51:02.407Z" },
    { url = "https://files.pythonhosted.org/packages/73/4c/4ef43d2ee85e55a73cfb5090cf29d2f1a5d82e6fe81623b62b7e008afe33/pyobjc_framework_libdispatch-11.1-cp39-cp39-macosx_10_9_universal2.whl", hash = "sha256:cfe515f4c3ea66c13fce4a527230027517b8b779b40bbcb220ff7cdf3ad20bc4", size = 20435, upload-time = "2025-06-14T20:51:03.137Z" },
]

[[package]]
name = "pyobjc-framework-metal"
version = "11.1"
source = { registry = "https://pypi.org/simple" }
dependencies = [
    { name = "pyobjc-core", marker = "python_full_version < '3.10'" },
    { name = "pyobjc-framework-cocoa", marker = "python_full_version < '3.10'" },
]
sdist = { url = "https://files.pythonhosted.org/packages/af/cf/29fea96fd49bf72946c5dac4c43ef50f26c15e9f76edd6f15580d556aa23/pyobjc_framework_metal-11.1.tar.gz", hash = "sha256:f9fd3b7574a824632ee9b7602973da30f172d2b575dd0c0f5ef76b44cfe9f6f9", size = 446549, upload-time = "2025-06-14T20:57:54.731Z" }
wheels = [
    { url = "https://files.pythonhosted.org/packages/45/53/c785c8de4689393b65abd324b369cc31586d7599f62ac07db40f6936d85c/pyobjc_framework_metal-11.1-cp310-cp310-macosx_10_9_universal2.whl", hash = "sha256:9c77f71b7499a27f90d43a34ccd41de15c1ee8c33f9fb4293e1395d88c2aaae1", size = 58063, upload-time = "2025-06-14T20:51:43.32Z" },
    { url = "https://files.pythonhosted.org/packages/e9/e8/cd0621e246dc0dc06f55c50af3002573ad19208e30f6806ec997ac587886/pyobjc_framework_metal-11.1-cp311-cp311-macosx_10_9_universal2.whl", hash = "sha256:157a0052be459ffb35a3687f77a96ea87b42caf4cdd0b9f7245242b100edb4f0", size = 58066, upload-time = "2025-06-14T20:51:44.243Z" },
    { url = "https://files.pythonhosted.org/packages/4c/94/3d5a8bed000dec4a13e72dde175898b488192716b7256a05cc253c77020d/pyobjc_framework_metal-11.1-cp312-cp312-macosx_10_13_universal2.whl", hash = "sha256:1f3aae0f9a4192a7f4f158dbee126ab5ef63a81bf9165ec63bc50c353c8d0e6f", size = 57969, upload-time = "2025-06-14T20:51:45.051Z" },
    { url = "https://files.pythonhosted.org/packages/4f/af/b1f78770bb4b8d73d7a70140e39ca92daa2ba6b8de93d52b2ebf9db7d03e/pyobjc_framework_metal-11.1-cp313-cp313-macosx_10_13_universal2.whl", hash = "sha256:d9b24d0ddb98b34a9a19755e5ca507c62fcef40ee5eae017e39be29650137f8c", size = 57994, upload-time = "2025-06-14T20:51:46.209Z" },
    { url = "https://files.pythonhosted.org/packages/97/93/e680c0ece0e21cb20bc5d0504acd96ca6828fc766b8ed624d69230c1796d/pyobjc_framework_metal-11.1-cp313-cp313t-macosx_10_13_universal2.whl", hash = "sha256:de71b46062cb533be2c025cd6018fd4db9d7fd6a65bd67131d8e484c3616321a", size = 58381, upload-time = "2025-06-14T20:51:47.016Z" },
    { url = "https://files.pythonhosted.org/packages/22/f0/b7c636729ed75d05bbb236b3b813d7629ffad5fb5951710978a478ac7713/pyobjc_framework_metal-11.1-cp314-cp314-macosx_11_0_universal2.whl", hash = "sha256:b4c4dcab1db5750575a49a0a903528ea64b5bb93a9f3aaac5c810117a9c07e9c", size = 58824, upload-time = "2025-06-14T20:51:47.828Z" },
    { url = "https://files.pythonhosted.org/packages/dc/22/8683231702db8a585c83db38cf9e76de2272673e7230de715ff3a868d0dc/pyobjc_framework_metal-11.1-cp314-cp314t-macosx_11_0_universal2.whl", hash = "sha256:432fefd3b27ab58c703b2f07afbc4690af815a9a8b4f8a997c4aefa8652e71d7", size = 59221, upload-time = "2025-06-14T20:51:48.691Z" },
    { url = "https://files.pythonhosted.org/packages/d3/4b/bfb13b75fe3f4455fdcc51c9fa884163fd481dc0eef1fc63f21f167bb907/pyobjc_framework_metal-11.1-cp39-cp39-macosx_10_9_universal2.whl", hash = "sha256:802539496ff504e5bd43b65acbe98268c5e20994e0d343e388f94ef510e16f50", size = 58052, upload-time = "2025-06-14T20:51:49.5Z" },
]

[[package]]
name = "tinygrad"
version = "0.9.2"
source = { registry = "https://pypi.org/simple" }
resolution-markers = [
    "python_full_version < '3.10'",
]
dependencies = [
    { name = "numpy", marker = "python_full_version < '3.10'" },
    { name = "pyobjc-framework-libdispatch", marker = "python_full_version < '3.10' and sys_platform == 'darwin'" },
    { name = "pyobjc-framework-metal", marker = "python_full_version < '3.10' and sys_platform == 'darwin'" },
]
sdist = { url = "https://files.pythonhosted.org/packages/db/45/20ab03c2ddfabcf7ac97179ae92698f19c9e99f72337953f858284ec27d2/tinygrad-0.9.2.tar.gz", hash = "sha256:f1ff5d61c9666e624a66b4c88d16e9a90327967825bed782958687291652d3b2", size = 855176, upload-time = "2024-08-13T23:20:10.738Z" }
wheels = [
    { url = "https://files.pythonhosted.org/packages/a8/ee/f40d15b47ac0abf3d506f8844e295c91c0d87d7a0ff2ed8277b2d4c965dd/tinygrad-0.9.2-py3-none-any.whl", hash = "sha256:19839a489223d8197eb365c5bab4637d61d68957fa710b8752d4b69d2647b711", size = 751966, upload-time = "2024-08-13T23:20:08.866Z" },
]

[[package]]
name = "tinygrad"
version = "0.11.0"
source = { registry = "https://pypi.org/simple" }
resolution-markers = [
    "python_full_version >= '3.10'",
]
sdist = { url = "https://files.pythonhosted.org/packages/6b/74/e3bca9f8e361296c19bd2b038d0be8013a76b68a83757864b6751f0d592b/tinygrad-0.11.0.tar.gz", hash = "sha256:d9d468a55906cc49a1b4df5b69be78a58ab4d15714b7f238f2b0876d2bc09bc1", size = 1849541, upload-time = "2025-08-19T21:11:46.557Z" }
wheels = [
    { url = "https://files.pythonhosted.org/packages/40/ac/38878fef46f9ce2cc4d624ac061f5bb5bb8ef98594fff96730d9947c3af0/tinygrad-0.11.0-py3-none-any.whl", hash = "sha256:b901d98880f04ad9f796734a013151ba851dbb9a340f1a516099adcd6fd3b3e3", size = 1745076, upload-time = "2025-08-19T21:11:44.723Z" },
]
